{
  "schema_version": 2,
  "source": "git@github.com:idmitrio/codex-shared-skills.git",
  "ref": "master",
  "commit": "c004685b1783502cb4ea479be826b24a4ab2f757",
  "selected": [
    "codex-shared-skills-workflow",
    "agents-md-creator",
    "commit-workflow",
    "develop-pr-workflow",
    "readme-creator",
    "release-workflow",
    "repo-skill-creator",
    "review-workflow"
  ],
  "resolved": [
    "codex-shared-skills-workflow",
    "agents-md-creator",
    "commit-workflow",
    "review-workflow",
    "develop-pr-workflow",
    "readme-creator",
    "changelog-workflow",
    "release-workflow",
    "repo-skill-creator"
  ]
}
