{
  "schema_version": 2,
  "source": "git@github.com:idmitrio/codex-shared-skills.git",
  "ref": "master",
  "commit": "969a73a5947a6d81e56a4270e5723037b9873119",
  "selected": [
    "codex-shared-skills-workflow",
    "agents-md-creator",
    "commit-workflow",
    "readme-creator",
    "release-workflow",
    "repo-skill-creator"
  ],
  "resolved": [
    "codex-shared-skills-workflow",
    "agents-md-creator",
    "commit-workflow",
    "readme-creator",
    "changelog-workflow",
    "review-workflow",
    "release-workflow",
    "repo-skill-creator"
  ]
}
